
Microsoft Visual Studio Solution File, Format Version 12.00
# Visual Studio Version 16
VisualStudioVersion = 16.0.29020.237
MinimumVisualStudioVersion = 10.0.40219.1
Project("{FAE04EC0-301F-11D3-BF4B-00C04F79EFBC}") = "GameItems", "GameItems\GameItems.csproj", "{DA04C2FF-BD40-4B76-86B6-5FF06FDE6E9B}"
EndProject
Project("{FAE04EC0-301F-11D3-BF4B-00C04F79EFBC}") = "GameItemsTest", "GameItemsTest\GameItemsTest.csproj", "{ED85AC5E-53A6-4C48-8B2B-25D37B454D24}"
EndProject
Global
	GlobalSection(SolutionConfigurationPlatforms) = preSolution
		Debug|Any CPU = Debug|Any CPU
		Release|Any CPU = Release|Any CPU
	EndGlobalSection
	GlobalSection(ProjectConfigurationPlatforms) = postSolution
		{DA04C2FF-BD40-4B76-86B6-5FF06FDE6E9B}.Debug|Any CPU.ActiveCfg = Debug|Any CPU
		{DA04C2FF-BD40-4B76-86B6-5FF06FDE6E9B}.Debug|Any CPU.Build.0 = Debug|Any CPU
		{DA04C2FF-BD40-4B76-86B6-5FF06FDE6E9B}.Release|Any CPU.ActiveCfg = Release|Any CPU
		{DA04C2FF-BD40-4B76-86B6-5FF06FDE6E9B}.Release|Any CPU.Build.0 = Release|Any CPU
		{ED85AC5E-53A6-4C48-8B2B-25D37B454D24}.Debug|Any CPU.ActiveCfg = Debug|Any CPU
		{ED85AC5E-53A6-4C48-8B2B-25D37B454D24}.Debug|Any CPU.Build.0 = Debug|Any CPU
		{ED85AC5E-53A6-4C48-8B2B-25D37B454D24}.Release|Any CPU.ActiveCfg = Release|Any CPU
		{ED85AC5E-53A6-4C48-8B2B-25D37B454D24}.Release|Any CPU.Build.0 = Release|Any CPU
	EndGlobalSection
	GlobalSection(SolutionProperties) = preSolution
		HideSolutionNode = FALSE
	EndGlobalSection
	GlobalSection(ExtensibilityGlobals) = postSolution
		SolutionGuid = {7DB46229-F892-4FFB-9782-C4AB97A9ACC9}
	EndGlobalSection
EndGlobal
